
Microsoft Visual Studio Solution File, Format Version 12.00
# Visual Studio Version 16
VisualStudioVersion = 16.0.29102.190
MinimumVisualStudioVersion = 10.0.40219.1
Project("{FAE04EC0-301F-11D3-BF4B-00C04F79EFBC}") = "DelegatesDemo", "DelegatesDemo\DelegatesDemo.csproj", "{43013B9F-38AB-4539-B254-64435DD59BB5}"
EndProject
Global
	GlobalSection(SolutionConfigurationPlatforms) = preSolution
		Debug|Any CPU = Debug|Any CPU
		Release|Any CPU = Release|Any CPU
	EndGlobalSection
	GlobalSection(ProjectConfigurationPlatforms) = postSolution
		{43013B9F-38AB-4539-B254-64435DD59BB5}.Debug|Any CPU.ActiveCfg = Debug|Any CPU
		{43013B9F-38AB-4539-B254-64435DD59BB5}.Debug|Any CPU.Build.0 = Debug|Any CPU
		{43013B9F-38AB-4539-B254-64435DD59BB5}.Release|Any CPU.ActiveCfg = Release|Any CPU
		{43013B9F-38AB-4539-B254-64435DD59BB5}.Release|Any CPU.Build.0 = Release|Any CPU
	EndGlobalSection
	GlobalSection(SolutionProperties) = preSolution
		HideSolutionNode = FALSE
	EndGlobalSection
	GlobalSection(ExtensibilityGlobals) = postSolution
		SolutionGuid = {A2F72B3E-05A6-4527-84E9-A4679E5270E4}
	EndGlobalSection
EndGlobal
